
Microsoft Visual Studio Solution File, Format Version 12.00
# Visual Studio Version 16
VisualStudioVersion = 16.0.29025.244
MinimumVisualStudioVersion = 10.0.40219.1
Project("{FAE04EC0-301F-11D3-BF4B-00C04F79EFBC}") = "XamarinEssentialsTextToSpeech", "XamarinEssentialsTextToSpeech\XamarinEssentialsTextToSpeech\XamarinEssentialsTextToSpeech.csproj", "{B4434B50-1130-4614-A1A7-AA7E06312508}"
EndProject
Project("{FAE04EC0-301F-11D3-BF4B-00C04F79EFBC}") = "XamarinEssentialsTextToSpeech.Android", "XamarinEssentialsTextToSpeech\XamarinEssentialsTextToSpeech.Android\XamarinEssentialsTextToSpeech.Android.csproj", "{CE3866D2-9699-4C2F-B979-2A55961448D4}"
EndProject
Project("{FAE04EC0-301F-11D3-BF4B-00C04F79EFBC}") = "XamarinEssentialsTextToSpeech.iOS", "XamarinEssentialsTextToSpeech\XamarinEssentialsTextToSpeech.iOS\XamarinEssentialsTextToSpeech.iOS.csproj", "{61D66F35-A33F-47EE-8042-0F30FA6C9A44}"
EndProject
Project("{FAE04EC0-301F-11D3-BF4B-00C04F79EFBC}") = "XamarinEssentialsTextToSpeech.UWP", "XamarinEssentialsTextToSpeech\XamarinEssentialsTextToSpeech.UWP\XamarinEssentialsTextToSpeech.UWP.csproj", "{D0409A67-047C-4E70-812A-868A488E4ACE}"
EndProject
Global
	GlobalSection(SolutionConfigurationPlatforms) = preSolution
		Ad-Hoc|Any CPU = Ad-Hoc|Any CPU
		Ad-Hoc|ARM = Ad-Hoc|ARM
		Ad-Hoc|iPhone = Ad-Hoc|iPhone
		Ad-Hoc|iPhoneSimulator = Ad-Hoc|iPhoneSimulator
		Ad-Hoc|x64 = Ad-Hoc|x64
		Ad-Hoc|x86 = Ad-Hoc|x86
		AppStore|Any CPU = AppStore|Any CPU
		AppStore|ARM = AppStore|ARM
		AppStore|iPhone = AppStore|iPhone
		AppStore|iPhoneSimulator = AppStore|iPhoneSimulator
		AppStore|x64 = AppStore|x64
		AppStore|x86 = AppStore|x86
		Debug|Any CPU = Debug|Any CPU
		Debug|ARM = Debug|ARM
		Debug|iPhone = Debug|iPhone
		Debug|iPhoneSimulator = Debug|iPhoneSimulator
		Debug|x64 = Debug|x64
		Debug|x86 = Debug|x86
		Release|Any CPU = Release|Any CPU
		Release|ARM = Release|ARM
		Release|iPhone = Release|iPhone
		Release|iPhoneSimulator = Release|iPhoneSimulator
		Release|x64 = Release|x64
		Release|x86 = Release|x86
	EndGlobalSection
	GlobalSection(ProjectConfigurationPlatforms) = postSolution
		{B4434B50-1130-4614-A1A7-AA7E06312508}.Ad-Hoc|Any CPU.ActiveCfg = Debug|Any CPU
		{B4434B50-1130-4614-A1A7-AA7E06312508}.Ad-Hoc|Any CPU.Build.0 = Debug|Any CPU
		{B4434B50-1130-4614-A1A7-AA7E06312508}.Ad-Hoc|ARM.ActiveCfg = Debug|Any CPU
		{B4434B50-1130-4614-A1A7-AA7E06312508}.Ad-Hoc|ARM.Build.0 = Debug|Any CPU
		{B4434B50-1130-4614-A1A7-AA7E06312508}.Ad-Hoc|iPhone.ActiveCfg = Debug|Any CPU
		{B4434B50-1130-4614-A1A7-AA7E06312508}.Ad-Hoc|iPhone.Build.0 = Debug|Any CPU
		{B4434B50-1130-4614-A1A7-AA7E06312508}.Ad-Hoc|iPhoneSimulator.ActiveCfg = Debug|Any CPU
		{B4434B50-1130-4614-A1A7-AA7E06312508}.Ad-Hoc|iPhoneSimulator.Build.0 = Debug|Any CPU
		{B4434B50-1130-4614-A1A7-AA7E06312508}.Ad-Hoc|x64.ActiveCfg = Debug|Any CPU
		{B4434B50-1130-4614-A1A7-AA7E06312508}.Ad-Hoc|x64.Build.0 = Debug|Any CPU
		{B4434B50-1130-4614-A1A7-AA7E06312508}.Ad-Hoc|x86.ActiveCfg = Debug|Any CPU
		{B4434B50-1130-4614-A1A7-AA7E06312508}.Ad-Hoc|x86.Build.0 = Debug|Any CPU
		{B4434B50-1130-4614-A1A7-AA7E06312508}.AppStore|Any CPU.ActiveCfg = Debug|Any CPU
		{B4434B50-1130-4614-A1A7-AA7E06312508}.AppStore|Any CPU.Build.0 = Debug|Any CPU
		{B4434B50-1130-4614-A1A7-AA7E06312508}.AppStore|ARM.ActiveCfg = Debug|Any CPU
		{B4434B50-1130-4614-A1A7-AA7E06312508}.AppStore|ARM.Build.0 = Debug|Any CPU
		{B4434B50-1130-4614-A1A7-AA7E06312508}.AppStore|iPhone.ActiveCfg = Debug|Any CPU
		{B4434B50-1130-4614-A1A7-AA7E06312508}.AppStore|iPhone.Build.0 = Debug|Any CPU
		{B4434B50-1130-4614-A1A7-AA7E06312508}.AppStore|iPhoneSimulator.ActiveCfg = Debug|Any CPU
		{B4434B50-1130-4614-A1A7-AA7E06312508}.AppStore|iPhoneSimulator.Build.0 = Debug|Any CPU
		{B4434B50-1130-4614-A1A7-AA7E06312508}.AppStore|x64.ActiveCfg = Debug|Any CPU
		{B4434B50-1130-4614-A1A7-AA7E06312508}.AppStore|x64.Build.0 = Debug|Any CPU
		{B4434B50-1130-4614-A1A7-AA7E06312508}.AppStore|x86.ActiveCfg = Debug|Any CPU
		{B4434B50-1130-4614-A1A7-AA7E06312508}.AppStore|x86.Build.0 = Debug|Any CPU
		{B4434B50-1130-4614-A1A7-AA7E06312508}.Debug|Any CPU.ActiveCfg = Debug|Any CPU
		{B4434B50-1130-4614-A1A7-AA7E06312508}.Debug|Any CPU.Build.0 = Debug|Any CPU
		{B4434B50-1130-4614-A1A7-AA7E06312508}.Debug|ARM.ActiveCfg = Debug|Any CPU
		{B4434B50-1130-4614-A1A7-AA7E06312508}.Debug|ARM.Build.0 = Debug|Any CPU
		{B4434B50-1130-4614-A1A7-AA7E06312508}.Debug|iPhone.ActiveCfg = Debug|Any CPU
		{B4434B50-1130-4614-A1A7-AA7E06312508}.Debug|iPhone.Build.0 = Debug|Any CPU
		{B4434B50-1130-4614-A1A7-AA7E06312508}.Debug|iPhoneSimulator.ActiveCfg = Debug|Any CPU
		{B4434B50-1130-4614-A1A7-AA7E06312508}.Debug|iPhoneSimulator.Build.0 = Debug|Any CPU
		{B4434B50-1130-4614-A1A7-AA7E06312508}.Debug|x64.ActiveCfg = Debug|Any CPU
		{B4434B50-1130-4614-A1A7-AA7E06312508}.Debug|x64.Build.0 = Debug|Any CPU
		{B4434B50-1130-4614-A1A7-AA7E06312508}.Debug|x86.ActiveCfg = Debug|Any CPU
		{B4434B50-1130-4614-A1A7-AA7E06312508}.Debug|x86.Build.0 = Debug|Any CPU
		{B4434B50-1130-4614-A1A7-AA7E06312508}.Release|Any CPU.ActiveCfg = Release|Any CPU
		{B4434B50-1130-4614-A1A7-AA7E06312508}.Release|Any CPU.Build.0 = Release|Any CPU
		{B4434B50-1130-4614-A1A7-AA7E06312508}.Release|ARM.ActiveCfg = Release|Any CPU
		{B4434B50-1130-4614-A1A7-AA7E06312508}.Release|ARM.Build.0 = Release|Any CPU
		{B4434B50-1130-4614-A1A7-AA7E06312508}.Release|iPhone.ActiveCfg = Release|Any CPU
		{B4434B50-1130-4614-A1A7-AA7E06312508}.Release|iPhone.Build.0 = Release|Any CPU
		{B4434B50-1130-4614-A1A7-AA7E06312508}.Release|iPhoneSimulator.ActiveCfg = Release|Any CPU
		{B4434B50-1130-4614-A1A7-AA7E06312508}.Release|iPhoneSimulator.Build.0 = Release|Any CPU
		{B4434B50-1130-4614-A1A7-AA7E06312508}.Release|x64.ActiveCfg = Release|Any CPU
		{B4434B50-1130-4614-A1A7-AA7E06312508}.Release|x64.Build.0 = Release|Any CPU
		{B4434B50-1130-4614-A1A7-AA7E06312508}.Release|x86.ActiveCfg = Release|Any CPU
		{B4434B50-1130-4614-A1A7-AA7E06312508}.Release|x86.Build.0 = Release|Any CPU
		{CE3866D2-9699-4C2F-B979-2A55961448D4}.Ad-Hoc|Any CPU.ActiveCfg = Release|Any CPU
		{CE3866D2-9699-4C2F-B979-2A55961448D4}.Ad-Hoc|Any CPU.Build.0 = Release|Any CPU
		{CE3866D2-9699-4C2F-B979-2A55961448D4}.Ad-Hoc|Any CPU.Deploy.0 = Release|Any CPU
		{CE3866D2-9699-4C2F-B979-2A55961448D4}.Ad-Hoc|ARM.ActiveCfg = Release|Any CPU
		{CE3866D2-9699-4C2F-B979-2A55961448D4}.Ad-Hoc|ARM.Build.0 = Release|Any CPU
		{CE3866D2-9699-4C2F-B979-2A55961448D4}.Ad-Hoc|ARM.Deploy.0 = Release|Any CPU
		{CE3866D2-9699-4C2F-B979-2A55961448D4}.Ad-Hoc|iPhone.ActiveCfg = Release|Any CPU
		{CE3866D2-9699-4C2F-B979-2A55961448D4}.Ad-Hoc|iPhone.Build.0 = Release|Any CPU
		{CE3866D2-9699-4C2F-B979-2A55961448D4}.Ad-Hoc|iPhone.Deploy.0 = Release|Any CPU
		{CE3866D2-9699-4C2F-B979-2A55961448D4}.Ad-Hoc|iPhoneSimulator.ActiveCfg = Release|Any CPU
		{CE3866D2-9699-4C2F-B979-2A55961448D4}.Ad-Hoc|iPhoneSimulator.Build.0 = Release|Any CPU
		{CE3866D2-9699-4C2F-B979-2A55961448D4}.Ad-Hoc|iPhoneSimulator.Deploy.0 = Release|Any CPU
		{CE3866D2-9699-4C2F-B979-2A55961448D4}.Ad-Hoc|x64.ActiveCfg = Release|Any CPU
		{CE3866D2-9699-4C2F-B979-2A55961448D4}.Ad-Hoc|x64.Build.0 = Release|Any CPU
		{CE3866D2-9699-4C2F-B979-2A55961448D4}.Ad-Hoc|x64.Deploy.0 = Release|Any CPU
		{CE3866D2-9699-4C2F-B979-2A55961448D4}.Ad-Hoc|x86.ActiveCfg = Release|Any CPU
		{CE3866D2-9699-4C2F-B979-2A55961448D4}.Ad-Hoc|x86.Build.0 = Release|Any CPU
		{CE3866D2-9699-4C2F-B979-2A55961448D4}.Ad-Hoc|x86.Deploy.0 = Release|Any CPU
		{CE3866D2-9699-4C2F-B979-2A55961448D4}.AppStore|Any CPU.ActiveCfg = Release|Any CPU
		{CE3866D2-9699-4C2F-B979-2A55961448D4}.AppStore|Any CPU.Build.0 = Release|Any CPU
		{CE3866D2-9699-4C2F-B979-2A55961448D4}.AppStore|Any CPU.Deploy.0 = Release|Any CPU
		{CE3866D2-9699-4C2F-B979-2A55961448D4}.AppStore|ARM.ActiveCfg = Release|Any CPU
		{CE3866D2-9699-4C2F-B979-2A55961448D4}.AppStore|ARM.Build.0 = Release|Any CPU
		{CE3866D2-9699-4C2F-B979-2A55961448D4}.AppStore|ARM.Deploy.0 = Release|Any CPU
		{CE3866D2-9699-4C2F-B979-2A55961448D4}.AppStore|iPhone.ActiveCfg = Release|Any CPU
		{CE3866D2-9699-4C2F-B979-2A55961448D4}.AppStore|iPhone.Build.0 = Release|Any CPU
		{CE3866D2-9699-4C2F-B979-2A55961448D4}.AppStore|iPhone.Deploy.0 = Release|Any CPU
		{CE3866D2-9699-4C2F-B979-2A55961448D4}.AppStore|iPhoneSimulator.ActiveCfg = Release|Any CPU
		{CE3866D2-9699-4C2F-B979-2A55961448D4}.AppStore|iPhoneSimulator.Build.0 = Release|Any CPU
		{CE3866D2-9699-4C2F-B979-2A55961448D4}.AppStore|iPhoneSimulator.Deploy.0 = Release|Any CPU
		{CE3866D2-9699-4C2F-B979-2A55961448D4}.AppStore|x64.ActiveCfg = Release|Any CPU
		{CE3866D2-9699-4C2F-B979-2A55961448D4}.AppStore|x64.Build.0 = Release|Any CPU
		{CE3866D2-9699-4C2F-B979-2A55961448D4}.AppStore|x64.Deploy.0 = Release|Any CPU
		{CE3866D2-9699-4C2F-B979-2A55961448D4}.AppStore|x86.ActiveCfg = Release|Any CPU
		{CE3866D2-9699-4C2F-B979-2A55961448D4}.AppStore|x86.Build.0 = Release|Any CPU
		{CE3866D2-9699-4C2F-B979-2A55961448D4}.AppStore|x86.Deploy.0 = Release|Any CPU
		{CE3866D2-9699-4C2F-B979-2A55961448D4}.Debug|Any CPU.ActiveCfg = Debug|Any CPU
		{CE3866D2-9699-4C2F-B979-2A55961448D4}.Debug|Any CPU.Build.0 = Debug|Any CPU
		{CE3866D2-9699-4C2F-B979-2A55961448D4}.Debug|Any CPU.Deploy.0 = Debug|Any CPU
		{CE3866D2-9699-4C2F-B979-2A55961448D4}.Debug|ARM.ActiveCfg = Debug|Any CPU
		{CE3866D2-9699-4C2F-B979-2A55961448D4}.Debug|ARM.Build.0 = Debug|Any CPU
		{CE3866D2-9699-4C2F-B979-2A55961448D4}.Debug|ARM.Deploy.0 = Debug|Any CPU
		{CE3866D2-9699-4C2F-B979-2A55961448D4}.Debug|iPhone.ActiveCfg = Debug|Any CPU
		{CE3866D2-9699-4C2F-B979-2A55961448D4}.Debug|iPhone.Build.0 = Debug|Any CPU
		{CE3866D2-9699-4C2F-B979-2A55961448D4}.Debug|iPhone.Deploy.0 = Debug|Any CPU
		{CE3866D2-9699-4C2F-B979-2A55961448D4}.Debug|iPhoneSimulator.ActiveCfg = Debug|Any CPU
		{CE3866D2-9699-4C2F-B979-2A55961448D4}.Debug|iPhoneSimulator.Build.0 = Debug|Any CPU
		{CE3866D2-9699-4C2F-B979-2A55961448D4}.Debug|iPhoneSimulator.Deploy.0 = Debug|Any CPU
		{CE3866D2-9699-4C2F-B979-2A55961448D4}.Debug|x64.ActiveCfg = Debug|Any CPU
		{CE3866D2-9699-4C2F-B979-2A55961448D4}.Debug|x64.Build.0 = Debug|Any CPU
		{CE3866D2-9699-4C2F-B979-2A55961448D4}.Debug|x64.Deploy.0 = Debug|Any CPU
		{CE3866D2-9699-4C2F-B979-2A55961448D4}.Debug|x86.ActiveCfg = Debug|Any CPU
		{CE3866D2-9699-4C2F-B979-2A55961448D4}.Debug|x86.Build.0 = Debug|Any CPU
		{CE3866D2-9699-4C2F-B979-2A55961448D4}.Debug|x86.Deploy.0 = Debug|Any CPU
		{CE3866D2-9699-4C2F-B979-2A55961448D4}.Release|Any CPU.ActiveCfg = Release|Any CPU
		{CE3866D2-9699-4C2F-B979-2A55961448D4}.Release|Any CPU.Build.0 = Release|Any CPU
		{CE3866D2-9699-4C2F-B979-2A55961448D4}.Release|Any CPU.Deploy.0 = Release|Any CPU
		{CE3866D2-9699-4C2F-B979-2A55961448D4}.Release|ARM.ActiveCfg = Release|Any CPU
		{CE3866D2-9699-4C2F-B979-2A55961448D4}.Release|ARM.Build.0 = Release|Any CPU
		{CE3866D2-9699-4C2F-B979-2A55961448D4}.Release|ARM.Deploy.0 = Release|Any CPU
		{CE3866D2-9699-4C2F-B979-2A55961448D4}.Release|iPhone.ActiveCfg = Release|Any CPU
		{CE3866D2-9699-4C2F-B979-2A55961448D4}.Release|iPhone.Build.0 = Release|Any CPU
		{CE3866D2-9699-4C2F-B979-2A55961448D4}.Release|iPhone.Deploy.0 = Release|Any CPU
		{CE3866D2-9699-4C2F-B979-2A55961448D4}.Release|iPhoneSimulator.ActiveCfg = Release|Any CPU
		{CE3866D2-9699-4C2F-B979-2A55961448D4}.Release|iPhoneSimulator.Build.0 = Release|Any CPU
		{CE3866D2-9699-4C2F-B979-2A55961448D4}.Release|iPhoneSimulator.Deploy.0 = Release|Any CPU
		{CE3866D2-9699-4C2F-B979-2A55961448D4}.Release|x64.ActiveCfg = Release|Any CPU
		{CE3866D2-9699-4C2F-B979-2A55961448D4}.Release|x64.Build.0 = Release|Any CPU
		{CE3866D2-9699-4C2F-B979-2A55961448D4}.Release|x64.Deploy.0 = Release|Any CPU
		{CE3866D2-9699-4C2F-B979-2A55961448D4}.Release|x86.ActiveCfg = Release|Any CPU
		{CE3866D2-9699-4C2F-B979-2A55961448D4}.Release|x86.Build.0 = Release|Any CPU
		{CE3866D2-9699-4C2F-B979-2A55961448D4}.Release|x86.Deploy.0 = Release|Any CPU
		{61D66F35-A33F-47EE-8042-0F30FA6C9A44}.Ad-Hoc|Any CPU.ActiveCfg = Ad-Hoc|iPhone
		{61D66F35-A33F-47EE-8042-0F30FA6C9A44}.Ad-Hoc|ARM.ActiveCfg = Ad-Hoc|iPhone
		{61D66F35-A33F-47EE-8042-0F30FA6C9A44}.Ad-Hoc|iPhone.ActiveCfg = Ad-Hoc|iPhone
		{61D66F35-A33F-47EE-8042-0F30FA6C9A44}.Ad-Hoc|iPhone.Build.0 = Ad-Hoc|iPhone
		{61D66F35-A33F-47EE-8042-0F30FA6C9A44}.Ad-Hoc|iPhoneSimulator.ActiveCfg = Ad-Hoc|iPhoneSimulator
		{61D66F35-A33F-47EE-8042-0F30FA6C9A44}.Ad-Hoc|iPhoneSimulator.Build.0 = Ad-Hoc|iPhoneSimulator
		{61D66F35-A33F-47EE-8042-0F30FA6C9A44}.Ad-Hoc|x64.ActiveCfg = Ad-Hoc|iPhone
		{61D66F35-A33F-47EE-8042-0F30FA6C9A44}.Ad-Hoc|x86.ActiveCfg = Ad-Hoc|iPhone
		{61D66F35-A33F-47EE-8042-0F30FA6C9A44}.AppStore|Any CPU.ActiveCfg = AppStore|iPhone
		{61D66F35-A33F-47EE-8042-0F30FA6C9A44}.AppStore|ARM.ActiveCfg = AppStore|iPhone
		{61D66F35-A33F-47EE-8042-0F30FA6C9A44}.AppStore|iPhone.ActiveCfg = AppStore|iPhone
		{61D66F35-A33F-47EE-8042-0F30FA6C9A44}.AppStore|iPhone.Build.0 = AppStore|iPhone
		{61D66F35-A33F-47EE-8042-0F30FA6C9A44}.AppStore|iPhoneSimulator.ActiveCfg = AppStore|iPhoneSimulator
		{61D66F35-A33F-47EE-8042-0F30FA6C9A44}.AppStore|iPhoneSimulator.Build.0 = AppStore|iPhoneSimulator
		{61D66F35-A33F-47EE-8042-0F30FA6C9A44}.AppStore|x64.ActiveCfg = AppStore|iPhone
		{61D66F35-A33F-47EE-8042-0F30FA6C9A44}.AppStore|x86.ActiveCfg = AppStore|iPhone
		{61D66F35-A33F-47EE-8042-0F30FA6C9A44}.Debug|Any CPU.ActiveCfg = Debug|iPhone
		{61D66F35-A33F-47EE-8042-0F30FA6C9A44}.Debug|ARM.ActiveCfg = Debug|iPhone
		{61D66F35-A33F-47EE-8042-0F30FA6C9A44}.Debug|iPhone.ActiveCfg = Debug|iPhone
		{61D66F35-A33F-47EE-8042-0F30FA6C9A44}.Debug|iPhone.Build.0 = Debug|iPhone
		{61D66F35-A33F-47EE-8042-0F30FA6C9A44}.Debug|iPhoneSimulator.ActiveCfg = Debug|iPhoneSimulator
		{61D66F35-A33F-47EE-8042-0F30FA6C9A44}.Debug|iPhoneSimulator.Build.0 = Debug|iPhoneSimulator
		{61D66F35-A33F-47EE-8042-0F30FA6C9A44}.Debug|x64.ActiveCfg = Debug|iPhone
		{61D66F35-A33F-47EE-8042-0F30FA6C9A44}.Debug|x86.ActiveCfg = Debug|iPhone
		{61D66F35-A33F-47EE-8042-0F30FA6C9A44}.Release|Any CPU.ActiveCfg = Release|iPhone
		{61D66F35-A33F-47EE-8042-0F30FA6C9A44}.Release|ARM.ActiveCfg = Release|iPhone
		{61D66F35-A33F-47EE-8042-0F30FA6C9A44}.Release|iPhone.ActiveCfg = Release|iPhone
		{61D66F35-A33F-47EE-8042-0F30FA6C9A44}.Release|iPhone.Build.0 = Release|iPhone
		{61D66F35-A33F-47EE-8042-0F30FA6C9A44}.Release|iPhoneSimulator.ActiveCfg = Release|iPhoneSimulator
		{61D66F35-A33F-47EE-8042-0F30FA6C9A44}.Release|iPhoneSimulator.Build.0 = Release|iPhoneSimulator
		{61D66F35-A33F-47EE-8042-0F30FA6C9A44}.Release|x64.ActiveCfg = Release|iPhone
		{61D66F35-A33F-47EE-8042-0F30FA6C9A44}.Release|x86.ActiveCfg = Release|iPhone
		{D0409A67-047C-4E70-812A-868A488E4ACE}.Ad-Hoc|Any CPU.ActiveCfg = Release|x86
		{D0409A67-047C-4E70-812A-868A488E4ACE}.Ad-Hoc|Any CPU.Build.0 = Release|x86
		{D0409A67-047C-4E70-812A-868A488E4ACE}.Ad-Hoc|Any CPU.Deploy.0 = Release|x86
		{D0409A67-047C-4E70-812A-868A488E4ACE}.Ad-Hoc|ARM.ActiveCfg = Release|ARM
		{D0409A67-047C-4E70-812A-868A488E4ACE}.Ad-Hoc|ARM.Build.0 = Release|ARM
		{D0409A67-047C-4E70-812A-868A488E4ACE}.Ad-Hoc|ARM.Deploy.0 = Release|ARM
		{D0409A67-047C-4E70-812A-868A488E4ACE}.Ad-Hoc|iPhone.ActiveCfg = Release|x86
		{D0409A67-047C-4E70-812A-868A488E4ACE}.Ad-Hoc|iPhone.Build.0 = Release|x86
		{D0409A67-047C-4E70-812A-868A488E4ACE}.Ad-Hoc|iPhone.Deploy.0 = Release|x86
		{D0409A67-047C-4E70-812A-868A488E4ACE}.Ad-Hoc|iPhoneSimulator.ActiveCfg = Release|x86
		{D0409A67-047C-4E70-812A-868A488E4ACE}.Ad-Hoc|iPhoneSimulator.Build.0 = Release|x86
		{D0409A67-047C-4E70-812A-868A488E4ACE}.Ad-Hoc|iPhoneSimulator.Deploy.0 = Release|x86
		{D0409A67-047C-4E70-812A-868A488E4ACE}.Ad-Hoc|x64.ActiveCfg = Release|x64
		{D0409A67-047C-4E70-812A-868A488E4ACE}.Ad-Hoc|x64.Build.0 = Release|x64
		{D0409A67-047C-4E70-812A-868A488E4ACE}.Ad-Hoc|x64.Deploy.0 = Release|x64
		{D0409A67-047C-4E70-812A-868A488E4ACE}.Ad-Hoc|x86.ActiveCfg = Release|x86
		{D0409A67-047C-4E70-812A-868A488E4ACE}.Ad-Hoc|x86.Build.0 = Release|x86
		{D0409A67-047C-4E70-812A-868A488E4ACE}.Ad-Hoc|x86.Deploy.0 = Release|x86
		{D0409A67-047C-4E70-812A-868A488E4ACE}.AppStore|Any CPU.ActiveCfg = Release|x86
		{D0409A67-047C-4E70-812A-868A488E4ACE}.AppStore|Any CPU.Build.0 = Release|x86
		{D0409A67-047C-4E70-812A-868A488E4ACE}.AppStore|Any CPU.Deploy.0 = Release|x86
		{D0409A67-047C-4E70-812A-868A488E4ACE}.AppStore|ARM.ActiveCfg = Release|ARM
		{D0409A67-047C-4E70-812A-868A488E4ACE}.AppStore|ARM.Build.0 = Release|ARM
		{D0409A67-047C-4E70-812A-868A488E4ACE}.AppStore|ARM.Deploy.0 = Release|ARM
		{D0409A67-047C-4E70-812A-868A488E4ACE}.AppStore|iPhone.ActiveCfg = Release|x86
		{D0409A67-047C-4E70-812A-868A488E4ACE}.AppStore|iPhone.Build.0 = Release|x86
		{D0409A67-047C-4E70-812A-868A488E4ACE}.AppStore|iPhone.Deploy.0 = Release|x86
		{D0409A67-047C-4E70-812A-868A488E4ACE}.AppStore|iPhoneSimulator.ActiveCfg = Release|x86
		{D0409A67-047C-4E70-812A-868A488E4ACE}.AppStore|iPhoneSimulator.Build.0 = Release|x86
		{D0409A67-047C-4E70-812A-868A488E4ACE}.AppStore|iPhoneSimulator.Deploy.0 = Release|x86
		{D0409A67-047C-4E70-812A-868A488E4ACE}.AppStore|x64.ActiveCfg = Release|x64
		{D0409A67-047C-4E70-812A-868A488E4ACE}.AppStore|x64.Build.0 = Release|x64
		{D0409A67-047C-4E70-812A-868A488E4ACE}.AppStore|x64.Deploy.0 = Release|x64
		{D0409A67-047C-4E70-812A-868A488E4ACE}.AppStore|x86.ActiveCfg = Release|x86
		{D0409A67-047C-4E70-812A-868A488E4ACE}.AppStore|x86.Build.0 = Release|x86
		{D0409A67-047C-4E70-812A-868A488E4ACE}.AppStore|x86.Deploy.0 = Release|x86
		{D0409A67-047C-4E70-812A-868A488E4ACE}.Debug|Any CPU.ActiveCfg = Debug|x86
		{D0409A67-047C-4E70-812A-868A488E4ACE}.Debug|ARM.ActiveCfg = Debug|ARM
		{D0409A67-047C-4E70-812A-868A488E4ACE}.Debug|ARM.Build.0 = Debug|ARM
		{D0409A67-047C-4E70-812A-868A488E4ACE}.Debug|ARM.Deploy.0 = Debug|ARM
		{D0409A67-047C-4E70-812A-868A488E4ACE}.Debug|iPhone.ActiveCfg = Debug|x86
		{D0409A67-047C-4E70-812A-868A488E4ACE}.Debug|iPhoneSimulator.ActiveCfg = Debug|x86
		{D0409A67-047C-4E70-812A-868A488E4ACE}.Debug|x64.ActiveCfg = Debug|x64
		{D0409A67-047C-4E70-812A-868A488E4ACE}.Debug|x64.Build.0 = Debug|x64
		{D0409A67-047C-4E70-812A-868A488E4ACE}.Debug|x64.Deploy.0 = Debug|x64
		{D0409A67-047C-4E70-812A-868A488E4ACE}.Debug|x86.ActiveCfg = Debug|x86
		{D0409A67-047C-4E70-812A-868A488E4ACE}.Debug|x86.Build.0 = Debug|x86
		{D0409A67-047C-4E70-812A-868A488E4ACE}.Debug|x86.Deploy.0 = Debug|x86
		{D0409A67-047C-4E70-812A-868A488E4ACE}.Release|Any CPU.ActiveCfg = Release|x86
		{D0409A67-047C-4E70-812A-868A488E4ACE}.Release|ARM.ActiveCfg = Release|ARM
		{D0409A67-047C-4E70-812A-868A488E4ACE}.Release|ARM.Build.0 = Release|ARM
		{D0409A67-047C-4E70-812A-868A488E4ACE}.Release|ARM.Deploy.0 = Release|ARM
		{D0409A67-047C-4E70-812A-868A488E4ACE}.Release|iPhone.ActiveCfg = Release|x86
		{D0409A67-047C-4E70-812A-868A488E4ACE}.Release|iPhoneSimulator.ActiveCfg = Release|x86
		{D0409A67-047C-4E70-812A-868A488E4ACE}.Release|x64.ActiveCfg = Release|x64
		{D0409A67-047C-4E70-812A-868A488E4ACE}.Release|x64.Build.0 = Release|x64
		{D0409A67-047C-4E70-812A-868A488E4ACE}.Release|x64.Deploy.0 = Release|x64
		{D0409A67-047C-4E70-812A-868A488E4ACE}.Release|x86.ActiveCfg = Release|x86
		{D0409A67-047C-4E70-812A-868A488E4ACE}.Release|x86.Build.0 = Release|x86
		{D0409A67-047C-4E70-812A-868A488E4ACE}.Release|x86.Deploy.0 = Release|x86
	EndGlobalSection
	GlobalSection(SolutionProperties) = preSolution
		HideSolutionNode = FALSE
	EndGlobalSection
	GlobalSection(ExtensibilityGlobals) = postSolution
		SolutionGuid = {74D56BFA-308F-4229-9461-A7ED8E9DB786}
	EndGlobalSection
EndGlobal
